{
  "name": "afiddle",
  "version": "1.1.0",
  "lockfileVersion": 1,
  "requires": true,
  "dependencies": {
    "golden-layout": {
      "version": "1.5.9",
      "resolved": "https://registry.npmjs.org/golden-layout/-/golden-layout-1.5.9.tgz",
      "integrity": "sha1-o5vB9qZ+b4hreXwBbdkk6UJrp38=",
      "requires": {
        "jquery": "*"
      }
    },
    "jquery": {
      "version": "3.4.1",
      "resolved": "https://registry.npmjs.org/jquery/-/jquery-3.4.1.tgz",
      "integrity": "sha512-36+AdBzCL+y6qjw5Tx7HgzeGCzC81MDDgaUP8ld2zhx58HdqXGoBd+tHdrBMiyjGQs0Hxs/MLZTu/eHNJJuWPw=="
    },
    "monaco-editor": {
      "version": "0.18.1",
      "resolved": "https://registry.npmjs.org/monaco-editor/-/monaco-editor-0.18.1.tgz",
      "integrity": "sha512-fmL+RFZ2Hrezy+X/5ZczQW51LUmvzfcqOurnkCIRFTyjdVjzR7JvENzI6+VKBJzJdPh6EYL4RoWl92b2Hrk9fw=="
    },
    "requirejs": {
      "version": "2.3.6",
      "resolved": "https://registry.npmjs.org/requirejs/-/requirejs-2.3.6.tgz",
      "integrity": "sha512-ipEzlWQe6RK3jkzikgCupiTbTvm4S0/CAU5GlgptkN5SO6F3u0UD0K18wy6ErDqiCyP4J4YYe1HuAShvsxePLg=="
    }
  }
}
